
Microsoft Visual Studio Solution File, Format Version 12.00
# Visual Studio 15
VisualStudioVersion = 15.0.27428.2027
MinimumVisualStudioVersion = 10.0.40219.1
Project("{888888A0-9F3D-457C-B088-3A5042F75D52}") = "GameOfLife", "GameOfLife\GameOfLife.pyproj", "{C1593A17-EA77-4850-ABA5-D9290D731189}"
EndProject
Project("{888888A0-9F3D-457C-B088-3A5042F75D52}") = "GameOfLifeUnitTests", "GameOfLifeUnitTests\GameOfLifeUnitTests.pyproj", "{E8664A23-6780-46F5-BE7C-6DB672F3EC84}"
EndProject
Global
	GlobalSection(SolutionConfigurationPlatforms) = preSolution
		Debug|Any CPU = Debug|Any CPU
		Release|Any CPU = Release|Any CPU
	EndGlobalSection
	GlobalSection(ProjectConfigurationPlatforms) = postSolution
		{C1593A17-EA77-4850-ABA5-D9290D731189}.Debug|Any CPU.ActiveCfg = Debug|Any CPU
		{C1593A17-EA77-4850-ABA5-D9290D731189}.Release|Any CPU.ActiveCfg = Release|Any CPU
		{E8664A23-6780-46F5-BE7C-6DB672F3EC84}.Debug|Any CPU.ActiveCfg = Debug|Any CPU
		{E8664A23-6780-46F5-BE7C-6DB672F3EC84}.Release|Any CPU.ActiveCfg = Release|Any CPU
	EndGlobalSection
	GlobalSection(SolutionProperties) = preSolution
		HideSolutionNode = FALSE
	EndGlobalSection
	GlobalSection(ExtensibilityGlobals) = postSolution
		SolutionGuid = {49333601-EA5E-4DCD-A1A3-5A1657798740}
	EndGlobalSection
EndGlobal
